# THIS IS AN AUTOGENERATED FILE. DO NOT EDIT THIS FILE DIRECTLY.
# yarn lockfile v1


commander@0.6.1:
  version "0.6.1"
  resolved "https://registry.yarnpkg.com/commander/-/commander-0.6.1.tgz#fa68a14f6a945d54dbbe50d8cdb3320e9e3b1a06"
  integrity sha1-+mihT2qUXVTbvlDYzbMyDp47GgY=

commander@2.3.0:
  version "2.3.0"
  resolved "https://registry.yarnpkg.com/commander/-/commander-2.3.0.tgz#fd430e889832ec353b9acd1de217c11cb3eef873"
  integrity sha1-/UMOiJgy7DU7ms0d4hfBHLPu+HM=

debug@2.2.0:
  version "2.2.0"
  resolved "https://registry.yarnpkg.com/debug/-/debug-2.2.0.tgz#f87057e995b1a1f6ae6a4960664137bc56f039da"
  integrity sha1-+HBX6ZWxofauaklgZkE3vFbwOdo=
  dependencies:
    ms "0.7.1"

debug@^2.2.0:
  version "2.6.9"
  resolved "https://registry.yarnpkg.com/debug/-/debug-2.6.9.tgz#5d128515df134ff327e90a4c93f4e077a536341f"
  integrity sha512-bC7ElrdJaJnPbAP+1EotYvqZsb3ecl5wi6Bfi6BJTUcNowp6cvspg0jXznRTKDjm/E7AdgFBVeAPVMNcKGsHMA==
  dependencies:
    ms "2.0.0"

diff@1.4.0:
  version "1.4.0"
  resolved "https://registry.yarnpkg.com/diff/-/diff-1.4.0.tgz#7f28d2eb9ee7b15a97efd89ce63dcfdaa3ccbabf"
  integrity sha1-fyjS657nsVqX79ic5j3P2qPMur8=

escape-string-regexp@1.0.2:
  version "1.0.2"
  resolved "https://registry.yarnpkg.com/escape-string-regexp/-/escape-string-regexp-1.0.2.tgz#4dbc2fe674e71949caf3fb2695ce7f2dc1d9a8d1"
  integrity sha1-Tbwv5nTnGUnK8/smlc5/LcHZqNE=

glob@3.2.11:
  version "3.2.11"
  resolved "https://registry.yarnpkg.com/glob/-/glob-3.2.11.tgz#4a973f635b9190f715d10987d5c00fd2815ebe3d"
  integrity sha1-Spc/Y1uRkPcV0QmH1cAP0oFevj0=
  dependencies:
    inherits "2"
    minimatch "0.3"

growl@1.9.2:
  version "1.9.2"
  resolved "https://registry.yarnpkg.com/growl/-/growl-1.9.2.tgz#0ea7743715db8d8de2c5ede1775e1b45ac85c02f"
  integrity sha1-Dqd0NxXbjY3ixe3hd14bRayFwC8=

inherits@2:
  version "2.0.4"
  resolved "https://registry.yarnpkg.com/inherits/-/inherits-2.0.4.tgz#0fa2c64f932917c3433a0ded55363aae37416b7c"
  integrity sha512-k/vGaX4/Yla3WzyMCvTQOXYeIHvqOKtnqBduzTHpzpQZzAskKMhZ2K+EnBiSM9zGSoIFeMpXKxa4dYeZIQqewQ==

irc-replies@^2.0.1:
  version "2.0.1"
  resolved "https://registry.yarnpkg.com/irc-replies/-/irc-replies-2.0.1.tgz#5bf4125fb6ec0f3929a89647b26e653232942b79"
  integrity sha1-W/QSX7bsDzkpqJZHsm5lMjKUK3k=

jade@0.26.3:
  version "0.26.3"
  resolved "https://registry.yarnpkg.com/jade/-/jade-0.26.3.tgz#8f10d7977d8d79f2f6ff862a81b0513ccb25686c"
  integrity sha1-jxDXl32NefL2/4YqgbBRPMslaGw=
  dependencies:
    commander "0.6.1"
    mkdirp "0.3.0"

linewise@0.0.3:
  version "0.0.3"
  resolved "https://registry.yarnpkg.com/linewise/-/linewise-0.0.3.tgz#bf967ba0dd31faaf09ab5bdb3676ad7f2aa18493"
  integrity sha1-v5Z7oN0x+q8Jq1vbNnatfyqhhJM=

lru-cache@2:
  version "2.7.3"
  resolved "https://registry.yarnpkg.com/lru-cache/-/lru-cache-2.7.3.tgz#6d4524e8b955f95d4f5b58851ce21dd72fb4e952"
  integrity sha1-bUUk6LlV+V1PW1iFHOId1y+06VI=

minimatch@0.3:
  version "0.3.0"
  resolved "https://registry.yarnpkg.com/minimatch/-/minimatch-0.3.0.tgz#275d8edaac4f1bb3326472089e7949c8394699dd"
  integrity sha1-J12O2qxPG7MyZHIInnlJyDlGmd0=
  dependencies:
    lru-cache "2"
    sigmund "~1.0.0"

minimist@0.0.8:
  version "0.0.8"
  resolved "https://registry.yarnpkg.com/minimist/-/minimist-0.0.8.tgz#857fcabfc3397d2625b8228262e86aa7a011b05d"
  integrity sha1-hX/Kv8M5fSYluCKCYuhqp6ARsF0=

mkdirp@0.3.0:
  version "0.3.0"
  resolved "https://registry.yarnpkg.com/mkdirp/-/mkdirp-0.3.0.tgz#1bbf5ab1ba827af23575143490426455f481fe1e"
  integrity sha1-G79asbqCevI1dRQ0kEJkVfSB/h4=

mkdirp@0.5.1:
  version "0.5.1"
  resolved "https://registry.yarnpkg.com/mkdirp/-/mkdirp-0.5.1.tgz#30057438eac6cf7f8c4767f38648d6697d75c903"
  integrity sha1-MAV0OOrGz3+MR2fzhkjWaX11yQM=
  dependencies:
    minimist "0.0.8"

mocha@^2.4.5:
  version "2.5.3"
  resolved "https://registry.yarnpkg.com/mocha/-/mocha-2.5.3.tgz#161be5bdeb496771eb9b35745050b622b5aefc58"
  integrity sha1-FhvlvetJZ3HrmzV0UFC2IrWu/Fg=
  dependencies:
    commander "2.3.0"
    debug "2.2.0"
    diff "1.4.0"
    escape-string-regexp "1.0.2"
    glob "3.2.11"
    growl "1.9.2"
    jade "0.26.3"
    mkdirp "0.5.1"
    supports-color "1.2.0"
    to-iso-string "0.0.2"

ms@0.7.1:
  version "0.7.1"
  resolved "https://registry.yarnpkg.com/ms/-/ms-0.7.1.tgz#9cd13c03adbff25b65effde7ce864ee952017098"
  integrity sha1-nNE8A62/8ltl7/3nzoZO6VIBcJg=

ms@2.0.0:
  version "2.0.0"
  resolved "https://registry.yarnpkg.com/ms/-/ms-2.0.0.tgz#5608aeadfc00be6c2901df5f9861788de0d597c8"
  integrity sha1-VgiurfwAvmwpAd9fmGF4jeDVl8g=

should-equal@0.8.0:
  version "0.8.0"
  resolved "https://registry.yarnpkg.com/should-equal/-/should-equal-0.8.0.tgz#a3f05732ff45bac1b7ba412f8408856819641299"
  integrity sha1-o/BXMv9FusG3ukEvhAiFaBlkEpk=
  dependencies:
    should-type "0.2.0"

should-format@0.3.2:
  version "0.3.2"
  resolved "https://registry.yarnpkg.com/should-format/-/should-format-0.3.2.tgz#a59831e01a2ddee149911bc7148be5c80319e1ff"
  integrity sha1-pZgx4Bot3uFJkRvHFIvlyAMZ4f8=
  dependencies:
    should-type "0.2.0"

should-type@0.2.0:
  version "0.2.0"
  resolved "https://registry.yarnpkg.com/should-type/-/should-type-0.2.0.tgz#6707ef95529d989dcc098fe0753ab1f9136bb7f6"
  integrity sha1-ZwfvlVKdmJ3MCY/gdTqx+RNrt/Y=

should@^8.3.1:
  version "8.4.0"
  resolved "https://registry.yarnpkg.com/should/-/should-8.4.0.tgz#5e60889d3e644bbdd397a30cd34fad28fcf90bc0"
  integrity sha1-XmCInT5kS73Tl6MM00+tKPz5C8A=
  dependencies:
    should-equal "0.8.0"
    should-format "0.3.2"
    should-type "0.2.0"

sigmund@~1.0.0:
  version "1.0.1"
  resolved "https://registry.yarnpkg.com/sigmund/-/sigmund-1.0.1.tgz#3ff21f198cad2175f9f3b781853fd94d0d19b590"
  integrity sha1-P/IfGYytIXX587eBhT/ZTQ0ZtZA=

slate-irc-parser@^0.1.0:
  version "0.1.0"
  resolved "https://registry.yarnpkg.com/slate-irc-parser/-/slate-irc-parser-0.1.0.tgz#9aa3b0d2bd8e0ed9fddc98808b6d449f12541c43"
  integrity sha1-mqOw0r2ODtn93JiAi21EnxJUHEM=
  dependencies:
    debug "^2.2.0"
    linewise "0.0.3"

supports-color@1.2.0:
  version "1.2.0"
  resolved "https://registry.yarnpkg.com/supports-color/-/supports-color-1.2.0.tgz#ff1ed1e61169d06b3cf2d588e188b18d8847e17e"
  integrity sha1-/x7R5hFp0Gs88tWI4YixjYhH4X4=

to-iso-string@0.0.2:
  version "0.0.2"
  resolved "https://registry.yarnpkg.com/to-iso-string/-/to-iso-string-0.0.2.tgz#4dc19e664dfccbe25bd8db508b00c6da158255d1"
  integrity sha1-TcGeZk38y+Jb2NtQiwDG2hWCVdE=
