# This file is generated by running "yarn install" inside your project.
# Manual changes might be lost - proceed with caution!

__metadata:
  version: 4
  cacheKey: 5

"commander@npm:0.6.1":
  version: 0.6.1
  resolution: "commander@npm:0.6.1"
  checksum: 877e50ab6a2539be290c8a13e0b4757d9631310eeaa52ed313de33f0e8690e62dcb5df8ba418db4e6dae953b8866f017fe6d5552e1ea0f69d27600f2b56fecbe
  languageName: node
  linkType: hard

"commander@npm:2.3.0":
  version: 2.3.0
  resolution: "commander@npm:2.3.0"
  checksum: 66aef378d9491fc2ac0376d715e78733269afe3e779ebce7bd45da00331dd2a2e325b1da6c1f4d79af3028f21fff3dbce2f167e51c1f186c68ddba658035ecdc
  languageName: node
  linkType: hard

"debug@npm:2.2.0":
  version: 2.2.0
  resolution: "debug@npm:2.2.0"
  dependencies:
    ms: 0.7.1
  checksum: ef223346f078a7fcb88b9d6ff69a35a0929541b695f07395b110a5ba766c0f98d621f525785630f5f28ffe3f313ea28941827207e5261a2698a3ec5a3a7bf035
  languageName: node
  linkType: hard

"debug@npm:^2.2.0":
  version: 2.6.9
  resolution: "debug@npm:2.6.9"
  dependencies:
    ms: 2.0.0
  checksum: 559f44f98cf25e2ee489022aec173afbff746564cb108c4493becb95bc3c017a67bdaa25a0ff64801fd32c35051d00af0e56cc7f762ae2c3bc089496e5a1c31b
  languageName: node
  linkType: hard

"diff@npm:1.4.0":
  version: 1.4.0
  resolution: "diff@npm:1.4.0"
  checksum: 24f9c6e5960a8d53f3fe7df38453cc7d9a2a08e29bdbac62e7097fdff07ca4c7bcccbc0a01b4e5cd713a820368c26b4c631f0199be886eb453bd327b1bf03425
  languageName: node
  linkType: hard

"escape-string-regexp@npm:1.0.2":
  version: 1.0.2
  resolution: "escape-string-regexp@npm:1.0.2"
  checksum: d9c610f5b33dcfcff2640a5350d57638270177fcceb81a7d50ef056dbca357b3f416933a0bc2f4ad1e7cbd176323fc7b3338077451ed85e339bea6de23e5a89f
  languageName: node
  linkType: hard

"glob@npm:3.2.11":
  version: 3.2.11
  resolution: "glob@npm:3.2.11"
  dependencies:
    inherits: 2
    minimatch: 0.3
  checksum: 78976200a738fb33ad51762b1adb6fae3644809f2304e64f863c6b250dd8268b7ca6450690e92ed70a7b211cb101614039bb95449ec578318200b1cc5dda1935
  languageName: node
  linkType: hard

"growl@npm:1.9.2":
  version: 1.9.2
  resolution: "growl@npm:1.9.2"
  checksum: 9d037745ecb8149587af8de4392aff650f4fcf460174c2b5a315fd24b2d9cc89d1bbcc490c5a691bdd0cc79621c83cbae8b003571b60268ecb4d4847c9b9b444
  languageName: node
  linkType: hard

"inherits@npm:2":
  version: 2.0.4
  resolution: "inherits@npm:2.0.4"
  checksum: 98426da247ddfc3dcd7d7daedd90c3ca32d5b08deca08949726f12d49232aef94772a07b36cf4ff833e105ae2ef931777f6de4a6dd8245a216b9299ad4a50bea
  languageName: node
  linkType: hard

"irc-replies@npm:^2.0.1":
  version: 2.0.1
  resolution: "irc-replies@npm:2.0.1"
  checksum: 4665dc8f5107617152c80efe8472a5c936464cb946507070d717266719076409b8522f9cf5854f61a0f5fe4b0e45412e17a3720c7fdf653d95c771c5adcef30b
  languageName: node
  linkType: hard

"jade@npm:0.26.3":
  version: 0.26.3
  resolution: "jade@npm:0.26.3"
  dependencies:
    commander: 0.6.1
    mkdirp: 0.3.0
  bin:
    jade: ./bin/jade
  checksum: ae6f926dd6bdf3933b65b82a5ca1fd64d73830c9ed418620787ebd9c8035c5aac0d3830cffecacd853f2db7d14d9ef061cbce3b248e759c19eef9a0c991f4678
  languageName: node
  linkType: hard

"linewise@npm:0.0.3":
  version: 0.0.3
  resolution: "linewise@npm:0.0.3"
  checksum: f613a0f08ced20d0c8ff1f54395a1afaf4f8f479899d4a896fed0dc3afda6d73f05622179153df73fe9a1069f5ff3cb766bf51734c3baf422844847aa1593ef0
  languageName: node
  linkType: hard

"lru-cache@npm:2":
  version: 2.7.3
  resolution: "lru-cache@npm:2.7.3"
  checksum: 79cb2e73a87a948577af726bba2aac5b04404445ea0cdfdcb418ed4f3ef097e5ac2212ec5133c006373d28c3bc5f0cccdb8c17556723a06bf8d46227b0e06ea6
  languageName: node
  linkType: hard

"minimatch@npm:0.3":
  version: 0.3.0
  resolution: "minimatch@npm:0.3.0"
  dependencies:
    lru-cache: 2
    sigmund: ~1.0.0
  checksum: 7e35d95d8eb1cfdff19d1ce4018a69483a9b2e21f57d5840a894cedafedee315224c7d5ac68ace590aa8d3e91fc16b596ae46a994d2e9c7acab46376aca7fb04
  languageName: node
  linkType: hard

"minimist@npm:0.0.8":
  version: 0.0.8
  resolution: "minimist@npm:0.0.8"
  checksum: d71c4684bce92f9c0500e103498adb5e45bbda551763132a703306c2dab6f3a1f69eb6448c3ff3ea73fb562285dfd6ee3a354d5c0e5dd52e3d5f3037c82c0935
  languageName: node
  linkType: hard

"mkdirp@npm:0.3.0":
  version: 0.3.0
  resolution: "mkdirp@npm:0.3.0"
  checksum: 61ad03ed8437f7d494b5842958e0892be639d43668f06de63f75da978124a8f6cab2e1c4d1bf6142925bf806bd424dd2c42394a8c0361f0babc3003d74fe4d1e
  languageName: node
  linkType: hard

"mkdirp@npm:0.5.1":
  version: 0.5.1
  resolution: "mkdirp@npm:0.5.1"
  dependencies:
    minimist: 0.0.8
  bin:
    mkdirp: bin/cmd.js
  checksum: 8ef65f4f0c7642b2f6e7af417eb9f3f24e8d1e4d612eddc5b1ee3b0ef974ccfaafb38bba6cc9178510c5aae82a6ef9ad85037448c9856b2fb8308162a7c8987e
  languageName: node
  linkType: hard

"mocha@npm:^2.4.5":
  version: 2.5.3
  resolution: "mocha@npm:2.5.3"
  dependencies:
    commander: 2.3.0
    debug: 2.2.0
    diff: 1.4.0
    escape-string-regexp: 1.0.2
    glob: 3.2.11
    growl: 1.9.2
    jade: 0.26.3
    mkdirp: 0.5.1
    supports-color: 1.2.0
    to-iso-string: 0.0.2
  bin:
    _mocha: ./bin/_mocha
    mocha: ./bin/mocha
  checksum: f56b8f71f53bb5cc154b2e1a6968b8831483de9817e4d32dfb1751f066e6e1e9ad0f8144cdc537417c30506089d3dd1905210337af60e4743be5eb40463bd9bf
  languageName: node
  linkType: hard

"ms@npm:0.7.1":
  version: 0.7.1
  resolution: "ms@npm:0.7.1"
  checksum: 8b4ca151fcc52079ee8e7be8d73d3291b22ce74afcf1003e664ea65bc922ef75b8f0588b08fd33475bf408eed3e4d28efe0cb0f98f92890c2a22e352a0d1316b
  languageName: node
  linkType: hard

"ms@npm:2.0.0":
  version: 2.0.0
  resolution: "ms@npm:2.0.0"
  checksum: 1a230340cc7f322fbe916783d8c8d60455407c6b7fb7f901d6ee34eb272402302c5c7f070a97b8531245cbb4ca6a0a623f6a128d7e5a5440cefa2c669c0b35bb
  languageName: node
  linkType: hard

"should-equal@npm:0.8.0":
  version: 0.8.0
  resolution: "should-equal@npm:0.8.0"
  dependencies:
    should-type: 0.2.0
  checksum: 7ac23b1d93731596e8306e94919002fa8419df0b94720e517aed7d1ab10a059d7094ec68aebb8e4fcab5dd01d3c6c4ed599f252b9087dc51b20d476fb84ea52a
  languageName: node
  linkType: hard

"should-format@npm:0.3.2":
  version: 0.3.2
  resolution: "should-format@npm:0.3.2"
  dependencies:
    should-type: 0.2.0
  checksum: 541effae90dbe28d7c4f2b61e3d65bf9d2a879476b9b338b5ed0c827520d284b1da8931d49f74ad19470b477c5a436d5fd2b3e513c48ee415e037e78b60a8b85
  languageName: node
  linkType: hard

"should-type@npm:0.2.0":
  version: 0.2.0
  resolution: "should-type@npm:0.2.0"
  checksum: 0d57e66e0e1be8c19b7087e2bd145ac022be1dda9b7eb384748c3a9b99c1c83a56cdcf79e4a287694612ade1e51fb76d4d9af92f85d3ac7f510466d71887c400
  languageName: node
  linkType: hard

"should@npm:^8.3.1":
  version: 8.4.0
  resolution: "should@npm:8.4.0"
  dependencies:
    should-equal: 0.8.0
    should-format: 0.3.2
    should-type: 0.2.0
  checksum: cc5c5783608022b81f777daa2788e9fd0945fe656628312981f05f02780b45c90056bd74419b7a66848126ec5a2840f8f0fcf781866d18276c1d5400434c40d7
  languageName: node
  linkType: hard

"sigmund@npm:~1.0.0":
  version: 1.0.1
  resolution: "sigmund@npm:1.0.1"
  checksum: f1a6ed3c5477c5d38e43d700a8c80f3042fbffbaf98ca7aeab223f6b922d6786bdf3c51d971a19f04e044f12d97310902d1fe6a5ed9bcc41556c2a8eff0f421e
  languageName: node
  linkType: hard

"slate-irc-parser@npm:^0.1.0":
  version: 0.1.0
  resolution: "slate-irc-parser@npm:0.1.0"
  dependencies:
    debug: ^2.2.0
    linewise: 0.0.3
  checksum: f83f8443a279bfea7394a98aebeef2860092d9d80df3963309d2c503f3afda69c4b5d682d57a2a01c85713440e5400c1094c40f7f4da9554fef64758fac7ef71
  languageName: node
  linkType: hard

"slate-irc@workspace:.":
  version: 0.0.0-use.local
  resolution: "slate-irc@workspace:."
  dependencies:
    debug: ^2.2.0
    irc-replies: ^2.0.1
    mocha: ^2.4.5
    should: ^8.3.1
    slate-irc-parser: ^0.1.0
  languageName: unknown
  linkType: soft

"supports-color@npm:1.2.0":
  version: 1.2.0
  resolution: "supports-color@npm:1.2.0"
  bin:
    supports-color: cli.js
  checksum: da630d62b5b3223b072acb538177cbb0ad2d54f789a56d18bfe729b2bc373f402e15f0c0d05c17df91ccdc3c7d5306ccec8b0439997b54dc00653e2caa105e79
  languageName: node
  linkType: hard

"to-iso-string@npm:0.0.2":
  version: 0.0.2
  resolution: "to-iso-string@npm:0.0.2"
  checksum: f273a4dd89244e34a79b3f9cb1605e16ed66197d92f11a540a765ba78777b5f9262c21696be80e1f4c82fc25090046d2523588cde168096312a14b23bf1d3b35
  languageName: node
  linkType: hard
